// !$*UTF8*$!
{
	archiveVersion = 1;
	classes = {
	};
	objectVersion = 50;
	objects = {

/* Begin PBXBuildFile section */
		739D5C2621AA4C320025487F /* AppDelegate.swift in Sources */ = {isa = PBXBuildFile; fileRef = 739D5C2521AA4C320025487F /* AppDelegate.swift */; };
		739D5C2821AA4C320025487F /* ViewController.swift in Sources */ = {isa = PBXBuildFile; fileRef = 739D5C2721AA4C320025487F /* ViewController.swift */; };
		739D5C2B21AA4C320025487F /* Main.storyboard in Resources */ = {isa = PBXBuildFile; fileRef = 739D5C2921AA4C320025487F /* Main.storyboard */; };
		739D5C2D21AA4C370025487F /* Assets.xcassets in Resources */ = {isa = PBXBuildFile; fileRef = 739D5C2C21AA4C370025487F /* Assets.xcassets */; };
		739D5C3021AA4C370025487F /* LaunchScreen.storyboard in Resources */ = {isa = PBXBuildFile; fileRef = 739D5C2E21AA4C370025487F /* LaunchScreen.storyboard */; };
		739D5C3B21AA4C370025487F /* Wear_WeatherTests.swift in Sources */ = {isa = PBXBuildFile; fileRef = 739D5C3A21AA4C370025487F /* Wear_WeatherTests.swift */; };
		739D5C4621AA4C370025487F /* Wear_WeatherUITests.swift in Sources */ = {isa = PBXBuildFile; fileRef = 739D5C4521AA4C370025487F /* Wear_WeatherUITests.swift */; };
		739D5C5421AA51280025487F /* OnboardingViewController.swift in Sources */ = {isa = PBXBuildFile; fileRef = 739D5C5321AA51280025487F /* OnboardingViewController.swift */; };
/* End PBXBuildFile section */

/* Begin PBXContainerItemProxy section */
		739D5C3721AA4C370025487F /* PBXContainerItemProxy */ = {
			isa = PBXContainerItemProxy;
			containerPortal = 739D5C1A21AA4C310025487F /* Project object */;
			proxyType = 1;
			remoteGlobalIDString = 739D5C2121AA4C310025487F;
			remoteInfo = "Wear Weather";
		};
		739D5C4221AA4C370025487F /* PBXContainerItemProxy */ = {
			isa = PBXContainerItemProxy;
			containerPortal = 739D5C1A21AA4C310025487F /* Project object */;
			proxyType = 1;
			remoteGlobalIDString = 739D5C2121AA4C310025487F;
			remoteInfo = "Wear Weather";
		};
/* End PBXContainerItemProxy section */

/* Begin PBXFileReference section */
		739D5C2221AA4C320025487F /* Wear Weather.app */ = {isa = PBXFileReference; explicitFileType = wrapper.application; includeInIndex = 0; path = "Wear Weather.app"; sourceTree = BUILT_PRODUCTS_DIR; };
		739D5C2521AA4C320025487F /* AppDelegate.swift */ = {isa = PBXFileReference; lastKnownFileType = sourcecode.swift; path = AppDelegate.swift; sourceTree = "<group>"; };
		739D5C2721AA4C320025487F /* ViewController.swift */ = {isa = PBXFileReference; lastKnownFileType = sourcecode.swift; path = ViewController.swift; sourceTree = "<group>"; };
		739D5C2A21AA4C320025487F /* Base */ = {isa = PBXFileReference; lastKnownFileType = file.storyboard; name = Base; path = Base.lproj/Main.storyboard; sourceTree = "<group>"; };
		739D5C2C21AA4C370025487F /* Assets.xcassets */ = {isa = PBXFileReference; lastKnownFileType = folder.assetcatalog; path = Assets.xcassets; sourceTree = "<group>"; };
		739D5C2F21AA4C370025487F /* Base */ = {isa = PBXFileReference; lastKnownFileType = file.storyboard; name = Base; path = Base.lproj/LaunchScreen.storyboard; sourceTree = "<group>"; };
		739D5C3121AA4C370025487F /* Info.plist */ = {isa = PBXFileReference; lastKnownFileType = text.plist.xml; path = Info.plist; sourceTree = "<group>"; };
		739D5C3621AA4C370025487F /* Wear WeatherTests.xctest */ = {isa = PBXFileReference; explicitFileType = wrapper.cfbundle; includeInIndex = 0; path = "Wear WeatherTests.xctest"; sourceTree = BUILT_PRODUCTS_DIR; };
		739D5C3A21AA4C370025487F /* Wear_WeatherTests.swift */ = {isa = PBXFileReference; lastKnownFileType = sourcecode.swift; path = Wear_WeatherTests.swift; sourceTree = "<group>"; };
		739D5C3C21AA4C370025487F /* Info.plist */ = {isa = PBXFileReference; lastKnownFileType = text.plist.xml; path = Info.plist; sourceTree = "<group>"; };
		739D5C4121AA4C370025487F /* Wear WeatherUITests.xctest */ = {isa = PBXFileReference; explicitFileType = wrapper.cfbundle; includeInIndex = 0; path = "Wear WeatherUITests.xctest"; sourceTree = BUILT_PRODUCTS_DIR; };
		739D5C4521AA4C370025487F /* Wear_WeatherUITests.swift */ = {isa = PBXFileReference; lastKnownFileType = sourcecode.swift; path = Wear_WeatherUITests.swift; sourceTree = "<group>"; };
		739D5C4721AA4C370025487F /* Info.plist */ = {isa = PBXFileReference; lastKnownFileType = text.plist.xml; path = Info.plist; sourceTree = "<group>"; };
		739D5C5321AA51280025487F /* OnboardingViewController.swift */ = {isa = PBXFileReference; lastKnownFileType = sourcecode.swift; path = OnboardingViewController.swift; sourceTree = "<group>"; };
/* End PBXFileReference section */

/* Begin PBXFrameworksBuildPhase section */
		739D5C1F21AA4C310025487F /* Frameworks */ = {
			isa = PBXFrameworksBuildPhase;
			buildActionMask = 2147483647;
			files = (
			);
			runOnlyForDeploymentPostprocessing = 0;
		};
		739D5C3321AA4C370025487F /* Frameworks */ = {
			isa = PBXFrameworksBuildPhase;
			buildActionMask = 2147483647;
			files = (
			);
			runOnlyForDeploymentPostprocessing = 0;
		};
		739D5C3E21AA4C370025487F /* Frameworks */ = {
			isa = PBXFrameworksBuildPhase;
			buildActionMask = 2147483647;
			files = (
			);
			runOnlyForDeploymentPostprocessing = 0;
		};
/* End PBXFrameworksBuildPhase section */

/* Begin PBXGroup section */
		739D5C1921AA4C310025487F = {
			isa = PBXGroup;
			children = (
				739D5C2421AA4C320025487F /* Wear Weather */,
				739D5C3921AA4C370025487F /* Wear WeatherTests */,
				739D5C4421AA4C370025487F /* Wear WeatherUITests */,
				739D5C2321AA4C320025487F /* Products */,
			);
			sourceTree = "<group>";
		};
		739D5C2321AA4C320025487F /* Products */ = {
			isa = PBXGroup;
			children = (
				739D5C2221AA4C320025487F /* Wear Weather.app */,
				739D5C3621AA4C370025487F /* Wear WeatherTests.xctest */,
				739D5C4121AA4C370025487F /* Wear WeatherUITests.xctest */,
			);
			name = Products;
			sourceTree = "<group>";
		};
		739D5C2421AA4C320025487F /* Wear Weather */ = {
			isa = PBXGroup;
			children = (
				739D5C2521AA4C320025487F /* AppDelegate.swift */,
				739D5C2721AA4C320025487F /* ViewController.swift */,
				739D5C2921AA4C320025487F /* Main.storyboard */,
				739D5C5321AA51280025487F /* OnboardingViewController.swift */,
				739D5C2C21AA4C370025487F /* Assets.xcassets */,
				739D5C2E21AA4C370025487F /* LaunchScreen.storyboard */,
				739D5C3121AA4C370025487F /* Info.plist */,
			);
			path = "Wear Weather";
			sourceTree = "<group>";
		};
		739D5C3921AA4C370025487F /* Wear WeatherTests */ = {
			isa = PBXGroup;
			children = (
				739D5C3A21AA4C370025487F /* Wear_WeatherTests.swift */,
				739D5C3C21AA4C370025487F /* Info.plist */,
			);
			path = "Wear WeatherTests";
			sourceTree = "<group>";
		};
		739D5C4421AA4C370025487F /* Wear WeatherUITests */ = {
			isa = PBXGroup;
			children = (
				739D5C4521AA4C370025487F /* Wear_WeatherUITests.swift */,
				739D5C4721AA4C370025487F /* Info.plist */,
			);
			path = "Wear WeatherUITests";
			sourceTree = "<group>";
		};
/* End PBXGroup section */

/* Begin PBXNativeTarget section */
		739D5C2121AA4C310025487F /* Wear Weather */ = {
			isa = PBXNativeTarget;
			buildConfigurationList = 739D5C4A21AA4C370025487F /* Build configuration list for PBXNativeTarget "Wear Weather" */;
			buildPhases = (
				739D5C1E21AA4C310025487F /* Sources */,
				739D5C1F21AA4C310025487F /* Frameworks */,
				739D5C2021AA4C310025487F /* Resources */,
			);
			buildRules = (
			);
			dependencies = (
			);
			name = "Wear Weather";
			productName = "Wear Weather";
			productReference = 739D5C2221AA4C320025487F /* Wear Weather.app */;
			productType = "com.apple.product-type.application";
		};
		739D5C3521AA4C370025487F /* Wear WeatherTests */ = {
			isa = PBXNativeTarget;
			buildConfigurationList = 739D5C4D21AA4C370025487F /* Build configuration list for PBXNativeTarget "Wear WeatherTests" */;
			buildPhases = (
				739D5C3221AA4C370025487F /* Sources */,
				739D5C3321AA4C370025487F /* Frameworks */,
				739D5C3421AA4C370025487F /* Resources */,
			);
			buildRules = (
			);
			dependencies = (
				739D5C3821AA4C370025487F /* PBXTargetDependency */,
			);
			name = "Wear WeatherTests";
			productName = "Wear WeatherTests";
			productReference = 739D5C3621AA4C370025487F /* Wear WeatherTests.xctest */;
			productType = "com.apple.product-type.bundle.unit-test";
		};
		739D5C4021AA4C370025487F /* Wear WeatherUITests */ = {
			isa = PBXNativeTarget;
			buildConfigurationList = 739D5C5021AA4C370025487F /* Build configuration list for PBXNativeTarget "Wear WeatherUITests" */;
			buildPhases = (
				739D5C3D21AA4C370025487F /* Sources */,
				739D5C3E21AA4C370025487F /* Frameworks */,
				739D5C3F21AA4C370025487F /* Resources */,
			);
			buildRules = (
			);
			dependencies = (
				739D5C4321AA4C370025487F /* PBXTargetDependency */,
			);
			name = "Wear WeatherUITests";
			productName = "Wear WeatherUITests";
			productReference = 739D5C4121AA4C370025487F /* Wear WeatherUITests.xctest */;
			productType = "com.apple.product-type.bundle.ui-testing";
		};
/* End PBXNativeTarget section */

/* Begin PBXProject section */
		739D5C1A21AA4C310025487F /* Project object */ = {
			isa = PBXProject;
			attributes = {
				LastSwiftUpdateCheck = 1010;
				LastUpgradeCheck = 1010;
				ORGANIZATIONNAME = "Mathew Mozaffari";
				TargetAttributes = {
					739D5C2121AA4C310025487F = {
						CreatedOnToolsVersion = 10.1;
					};
					739D5C3521AA4C370025487F = {
						CreatedOnToolsVersion = 10.1;
						TestTargetID = 739D5C2121AA4C310025487F;
					};
					739D5C4021AA4C370025487F = {
						CreatedOnToolsVersion = 10.1;
						TestTargetID = 739D5C2121AA4C310025487F;
					};
				};
			};
			buildConfigurationList = 739D5C1D21AA4C310025487F /* Build configuration list for PBXProject "Wear Weather" */;
			compatibilityVersion = "Xcode 9.3";
			developmentRegion = en;
			hasScannedForEncodings = 0;
			knownRegions = (
				en,
				Base,
			);
			mainGroup = 739D5C1921AA4C310025487F;
			productRefGroup = 739D5C2321AA4C320025487F /* Products */;
			projectDirPath = "";
			projectRoot = "";
			targets = (
				739D5C2121AA4C310025487F /* Wear Weather */,
				739D5C3521AA4C370025487F /* Wear WeatherTests */,
				739D5C4021AA4C370025487F /* Wear WeatherUITests */,
			);
		};
/* End PBXProject section */

/* Begin PBXResourcesBuildPhase section */
		739D5C2021AA4C310025487F /* Resources */ = {
			isa = PBXResourcesBuildPhase;
			buildActionMask = 2147483647;
			files = (
				739D5C3021AA4C370025487F /* LaunchScreen.storyboard in Resources */,
				739D5C2D21AA4C370025487F /* Assets.xcassets in Resources */,
				739D5C2B21AA4C320025487F /* Main.storyboard in Resources */,
			);
			runOnlyForDeploymentPostprocessing = 0;
		};
		739D5C3421AA4C370025487F /* Resources */ = {
			isa = PBXResourcesBuildPhase;
			buildActionMask = 2147483647;
			files = (
			);
			runOnlyForDeploymentPostprocessing = 0;
		};
		739D5C3F21AA4C370025487F /* Resources */ = {
			isa = PBXResourcesBuildPhase;
			buildActionMask = 2147483647;
			files = (
			);
			runOnlyForDeploymentPostprocessing = 0;
		};
/* End PBXResourcesBuildPhase section */

/* Begin PBXSourcesBuildPhase section */
		739D5C1E21AA4C310025487F /* Sources */ = {
			isa = PBXSourcesBuildPhase;
			buildActionMask = 2147483647;
			files = (
				739D5C2821AA4C320025487F /* ViewController.swift in Sources */,
				739D5C5421AA51280025487F /* OnboardingViewController.swift in Sources */,
				739D5C2621AA4C320025487F /* AppDelegate.swift in Sources */,
			);
			runOnlyForDeploymentPostprocessing = 0;
		};
		739D5C3221AA4C370025487F /* Sources */ = {
			isa = PBXSourcesBuildPhase;
			buildActionMask = 2147483647;
			files = (
				739D5C3B21AA4C370025487F /* Wear_WeatherTests.swift in Sources */,
			);
			runOnlyForDeploymentPostprocessing = 0;
		};
		739D5C3D21AA4C370025487F /* Sources */ = {
			isa = PBXSourcesBuildPhase;
			buildActionMask = 2147483647;
			files = (
				739D5C4621AA4C370025487F /* Wear_WeatherUITests.swift in Sources */,
			);
			runOnlyForDeploymentPostprocessing = 0;
		};
/* End PBXSourcesBuildPhase section */

/* Begin PBXTargetDependency section */
		739D5C3821AA4C370025487F /* PBXTargetDependency */ = {
			isa = PBXTargetDependency;
			target = 739D5C2121AA4C310025487F /* Wear Weather */;
			targetProxy = 739D5C3721AA4C370025487F /* PBXContainerItemProxy */;
		};
		739D5C4321AA4C370025487F /* PBXTargetDependency */ = {
			isa = PBXTargetDependency;
			target = 739D5C2121AA4C310025487F /* Wear Weather */;
			targetProxy = 739D5C4221AA4C370025487F /* PBXContainerItemProxy */;
		};
/* End PBXTargetDependency section */

/* Begin PBXVariantGroup section */
		739D5C2921AA4C320025487F /* Main.storyboard */ = {
			isa = PBXVariantGroup;
			children = (
				739D5C2A21AA4C320025487F /* Base */,
			);
			name = Main.storyboard;
			sourceTree = "<group>";
		};
		739D5C2E21AA4C370025487F /* LaunchScreen.storyboard */ = {
			isa = PBXVariantGroup;
			children = (
				739D5C2F21AA4C370025487F /* Base */,
			);
			name = LaunchScreen.storyboard;
			sourceTree = "<group>";
		};
/* End PBXVariantGroup section */

/* Begin XCBuildConfiguration section */
		739D5C4821AA4C370025487F /* Debug */ = {
			isa = XCBuildConfiguration;
			buildSettings = {
				ALWAYS_SEARCH_USER_PATHS = NO;
				CLANG_ANALYZER_NONNULL = YES;
				CLANG_ANALYZER_NUMBER_OBJECT_CONVERSION = YES_AGGRESSIVE;
				CLANG_CXX_LANGUAGE_STANDARD = "gnu++14";
				CLANG_CXX_LIBRARY = "libc++";
				CLANG_ENABLE_MODULES = YES;
				CLANG_ENABLE_OBJC_ARC = YES;
				CLANG_ENABLE_OBJC_WEAK = YES;
				CLANG_WARN_BLOCK_CAPTURE_AUTORELEASING = YES;
				CLANG_WARN_BOOL_CONVERSION = YES;
				CLANG_WARN_COMMA = YES;
				CLANG_WARN_CONSTANT_CONVERSION = YES;
				CLANG_WARN_DEPRECATED_OBJC_IMPLEMENTATIONS = YES;
				CLANG_WARN_DIRECT_OBJC_ISA_USAGE = YES_ERROR;
				CLANG_WARN_DOCUMENTATION_COMMENTS = YES;
				CLANG_WARN_EMPTY_BODY = YES;
				CLANG_WARN_ENUM_CONVERSION = YES;
				CLANG_WARN_INFINITE_RECURSION = YES;
				CLANG_WARN_INT_CONVERSION = YES;
				CLANG_WARN_NON_LITERAL_NULL_CONVERSION = YES;
				CLANG_WARN_OBJC_IMPLICIT_RETAIN_SELF = YES;
				CLANG_WARN_OBJC_LITERAL_CONVERSION = YES;
				CLANG_WARN_OBJC_ROOT_CLASS = YES_ERROR;
				CLANG_WARN_RANGE_LOOP_ANALYSIS = YES;
				CLANG_WARN_STRICT_PROTOTYPES = YES;
				CLANG_WARN_SUSPICIOUS_MOVE = YES;
				CLANG_WARN_UNGUARDED_AVAILABILITY = YES_AGGRESSIVE;
				CLANG_WARN_UNREACHABLE_CODE = YES;
				CLANG_WARN__DUPLICATE_METHOD_MATCH = YES;
				CODE_SIGN_IDENTITY = "iPhone Developer";
				COPY_PHASE_STRIP = NO;
				DEBUG_INFORMATION_FORMAT = dwarf;
				ENABLE_STRICT_OBJC_MSGSEND = YES;
				ENABLE_TESTABILITY = YES;
				GCC_C_LANGUAGE_STANDARD = gnu11;
				GCC_DYNAMIC_NO_PIC = NO;
				GCC_NO_COMMON_BLOCKS = YES;
				GCC_OPTIMIZATION_LEVEL = 0;
				GCC_PREPROCESSOR_DEFINITIONS = (
					"DEBUG=1",
					"$(inherited)",
				);
				GCC_WARN_64_TO_32_BIT_CONVERSION = YES;
				GCC_WARN_ABOUT_RETURN_TYPE = YES_ERROR;
				GCC_WARN_UNDECLARED_SELECTOR = YES;
				GCC_WARN_UNINITIALIZED_AUTOS = YES_AGGRESSIVE;
				GCC_WARN_UNUSED_FUNCTION = YES;
				GCC_WARN_UNUSED_VARIABLE = YES;
				IPHONEOS_DEPLOYMENT_TARGET = 12.1;
				MTL_ENABLE_DEBUG_INFO = INCLUDE_SOURCE;
				MTL_FAST_MATH = YES;
				ONLY_ACTIVE_ARCH = YES;
				SDKROOT = iphoneos;
				SWIFT_ACTIVE_COMPILATION_CONDITIONS = DEBUG;
				SWIFT_OPTIMIZATION_LEVEL = "-Onone";
			};
			name = Debug;
		};
		739D5C4921AA4C370025487F /* Release */ = {
			isa = XCBuildConfiguration;
			buildSettings = {
				ALWAYS_SEARCH_USER_PATHS = NO;
				CLANG_ANALYZER_NONNULL = YES;
				CLANG_ANALYZER_NUMBER_OBJECT_CONVERSION = YES_AGGRESSIVE;
				CLANG_CXX_LANGUAGE_STANDARD = "gnu++14";
				CLANG_CXX_LIBRARY = "libc++";
				CLANG_ENABLE_MODULES = YES;
				CLANG_ENABLE_OBJC_ARC = YES;
				CLANG_ENABLE_OBJC_WEAK = YES;
				CLANG_WARN_BLOCK_CAPTURE_AUTORELEASING = YES;
				CLANG_WARN_BOOL_CONVERSION = YES;
				CLANG_WARN_COMMA = YES;
				CLANG_WARN_CONSTANT_CONVERSION = YES;
				CLANG_WARN_DEPRECATED_OBJC_IMPLEMENTATIONS = YES;
				CLANG_WARN_DIRECT_OBJC_ISA_USAGE = YES_ERROR;
				CLANG_WARN_DOCUMENTATION_COMMENTS = YES;
				CLANG_WARN_EMPTY_BODY = YES;
				CLANG_WARN_ENUM_CONVERSION = YES;
				CLANG_WARN_INFINITE_RECURSION = YES;
				CLANG_WARN_INT_CONVERSION = YES;
				CLANG_WARN_NON_LITERAL_NULL_CONVERSION = YES;
				CLANG_WARN_OBJC_IMPLICIT_RETAIN_SELF = YES;
				CLANG_WARN_OBJC_LITERAL_CONVERSION = YES;
				CLANG_WARN_OBJC_ROOT_CLASS = YES_ERROR;
				CLANG_WARN_RANGE_LOOP_ANALYSIS = YES;
				CLANG_WARN_STRICT_PROTOTYPES = YES;
				CLANG_WARN_SUSPICIOUS_MOVE = YES;
				CLANG_WARN_UNGUARDED_AVAILABILITY = YES_AGGRESSIVE;
				CLANG_WARN_UNREACHABLE_CODE = YES;
				CLANG_WARN__DUPLICATE_METHOD_MATCH = YES;
				CODE_SIGN_IDENTITY = "iPhone Developer";
				COPY_PHASE_STRIP = NO;
				DEBUG_INFORMATION_FORMAT = "dwarf-with-dsym";
				ENABLE_NS_ASSERTIONS = NO;
				ENABLE_STRICT_OBJC_MSGSEND = YES;
				GCC_C_LANGUAGE_STANDARD = gnu11;
				GCC_NO_COMMON_BLOCKS = YES;
				GCC_WARN_64_TO_32_BIT_CONVERSION = YES;
				GCC_WARN_ABOUT_RETURN_TYPE = YES_ERROR;
				GCC_WARN_UNDECLARED_SELECTOR = YES;
				GCC_WARN_UNINITIALIZED_AUTOS = YES_AGGRESSIVE;
				GCC_WARN_UNUSED_FUNCTION = YES;
				GCC_WARN_UNUSED_VARIABLE = YES;
				IPHONEOS_DEPLOYMENT_TARGET = 12.1;
				MTL_ENABLE_DEBUG_INFO = NO;
				MTL_FAST_MATH = YES;
				SDKROOT = iphoneos;
				SWIFT_COMPILATION_MODE = wholemodule;
				SWIFT_OPTIMIZATION_LEVEL = "-O";
				VALIDATE_PRODUCT = YES;
			};
			name = Release;
		};
		739D5C4B21AA4C370025487F /* Debug */ = {
			isa = XCBuildConfiguration;
			buildSettings = {
				ASSETCATALOG_COMPILER_APPICON_NAME = AppIcon;
				CODE_SIGN_STYLE = Automatic;
				DEVELOPMENT_TEAM = DGAGGVN84S;
				INFOPLIST_FILE = "Wear Weather/Info.plist";
				LD_RUNPATH_SEARCH_PATHS = (
					"$(inherited)",
					"@executable_path/Frameworks",
				);
				PRODUCT_BUNDLE_IDENTIFIER = "eccentriccomposer.Wear-Weather";
				PRODUCT_NAME = "$(TARGET_NAME)";
				SWIFT_VERSION = 4.2;
				TARGETED_DEVICE_FAMILY = "1,2";
			};
			name = Debug;
		};
		739D5C4C21AA4C370025487F /* Release */ = {
			isa = XCBuildConfiguration;
			buildSettings = {
				ASSETCATALOG_COMPILER_APPICON_NAME = AppIcon;
				CODE_SIGN_STYLE = Automatic;
				DEVELOPMENT_TEAM = DGAGGVN84S;
				INFOPLIST_FILE = "Wear Weather/Info.plist";
				LD_RUNPATH_SEARCH_PATHS = (
					"$(inherited)",
					"@executable_path/Frameworks",
				);
				PRODUCT_BUNDLE_IDENTIFIER = "eccentriccomposer.Wear-Weather";
				PRODUCT_NAME = "$(TARGET_NAME)";
				SWIFT_VERSION = 4.2;
				TARGETED_DEVICE_FAMILY = "1,2";
			};
			name = Release;
		};
		739D5C4E21AA4C370025487F /* Debug */ = {
			isa = XCBuildConfiguration;
			buildSettings = {
				ALWAYS_EMBED_SWIFT_STANDARD_LIBRARIES = YES;
				BUNDLE_LOADER = "$(TEST_HOST)";
				CODE_SIGN_STYLE = Automatic;
				DEVELOPMENT_TEAM = DGAGGVN84S;
				INFOPLIST_FILE = "Wear WeatherTests/Info.plist";
				LD_RUNPATH_SEARCH_PATHS = (
					"$(inherited)",
					"@executable_path/Frameworks",
					"@loader_path/Frameworks",
				);
				PRODUCT_BUNDLE_IDENTIFIER = "eccentriccomposer.Wear-WeatherTests";
				PRODUCT_NAME = "$(TARGET_NAME)";
				SWIFT_VERSION = 4.2;
				TARGETED_DEVICE_FAMILY = "1,2";
				TEST_HOST = "$(BUILT_PRODUCTS_DIR)/Wear Weather.app/Wear Weather";
			};
			name = Debug;
		};
		739D5C4F21AA4C370025487F /* Release */ = {
			isa = XCBuildConfiguration;
			buildSettings = {
				ALWAYS_EMBED_SWIFT_STANDARD_LIBRARIES = YES;
				BUNDLE_LOADER = "$(TEST_HOST)";
				CODE_SIGN_STYLE = Automatic;
				DEVELOPMENT_TEAM = DGAGGVN84S;
				INFOPLIST_FILE = "Wear WeatherTests/Info.plist";
				LD_RUNPATH_SEARCH_PATHS = (
					"$(inherited)",
					"@executable_path/Frameworks",
					"@loader_path/Frameworks",
				);
				PRODUCT_BUNDLE_IDENTIFIER = "eccentriccomposer.Wear-WeatherTests";
				PRODUCT_NAME = "$(TARGET_NAME)";
				SWIFT_VERSION = 4.2;
				TARGETED_DEVICE_FAMILY = "1,2";
				TEST_HOST = "$(BUILT_PRODUCTS_DIR)/Wear Weather.app/Wear Weather";
			};
			name = Release;
		};
		739D5C5121AA4C370025487F /* Debug */ = {
			isa = XCBuildConfiguration;
			buildSettings = {
				ALWAYS_EMBED_SWIFT_STANDARD_LIBRARIES = YES;
				CODE_SIGN_STYLE = Automatic;
				DEVELOPMENT_TEAM = DGAGGVN84S;
				INFOPLIST_FILE = "Wear WeatherUITests/Info.plist";
				LD_RUNPATH_SEARCH_PATHS = (
					"$(inherited)",
					"@executable_path/Frameworks",
					"@loader_path/Frameworks",
				);
				PRODUCT_BUNDLE_IDENTIFIER = "eccentriccomposer.Wear-WeatherUITests";
				PRODUCT_NAME = "$(TARGET_NAME)";
				SWIFT_VERSION = 4.2;
				TARGETED_DEVICE_FAMILY = "1,2";
				TEST_TARGET_NAME = "Wear Weather";
			};
			name = Debug;
		};
		739D5C5221AA4C370025487F /* Release */ = {
			isa = XCBuildConfiguration;
			buildSettings = {
				ALWAYS_EMBED_SWIFT_STANDARD_LIBRARIES = YES;
				CODE_SIGN_STYLE = Automatic;
				DEVELOPMENT_TEAM = DGAGGVN84S;
				INFOPLIST_FILE = "Wear WeatherUITests/Info.plist";
				LD_RUNPATH_SEARCH_PATHS = (
					"$(inherited)",
					"@executable_path/Frameworks",
					"@loader_path/Frameworks",
				);
				PRODUCT_BUNDLE_IDENTIFIER = "eccentriccomposer.Wear-WeatherUITests";
				PRODUCT_NAME = "$(TARGET_NAME)";
				SWIFT_VERSION = 4.2;
				TARGETED_DEVICE_FAMILY = "1,2";
				TEST_TARGET_NAME = "Wear Weather";
			};
			name = Release;
		};
/* End XCBuildConfiguration section */

/* Begin XCConfigurationList section */
		739D5C1D21AA4C310025487F /* Build configuration list for PBXProject "Wear Weather" */ = {
			isa = XCConfigurationList;
			buildConfigurations = (
				739D5C4821AA4C370025487F /* Debug */,
				739D5C4921AA4C370025487F /* Release */,
			);
			defaultConfigurationIsVisible = 0;
			defaultConfigurationName = Release;
		};
		739D5C4A21AA4C370025487F /* Build configuration list for PBXNativeTarget "Wear Weather" */ = {
			isa = XCConfigurationList;
			buildConfigurations = (
				739D5C4B21AA4C370025487F /* Debug */,
				739D5C4C21AA4C370025487F /* Release */,
			);
			defaultConfigurationIsVisible = 0;
			defaultConfigurationName = Release;
		};
		739D5C4D21AA4C370025487F /* Build configuration list for PBXNativeTarget "Wear WeatherTests" */ = {
			isa = XCConfigurationList;
			buildConfigurations = (
				739D5C4E21AA4C370025487F /* Debug */,
				739D5C4F21AA4C370025487F /* Release */,
			);
			defaultConfigurationIsVisible = 0;
			defaultConfigurationName = Release;
		};
		739D5C5021AA4C370025487F /* Build configuration list for PBXNativeTarget "Wear WeatherUITests" */ = {
			isa = XCConfigurationList;
			buildConfigurations = (
				739D5C5121AA4C370025487F /* Debug */,
				739D5C5221AA4C370025487F /* Release */,
			);
			defaultConfigurationIsVisible = 0;
			defaultConfigurationName = Release;
		};
/* End XCConfigurationList section */
	};
	rootObject = 739D5C1A21AA4C310025487F /* Project object */;
}
